// !$*UTF8*$!
{
	archiveVersion = 1;
	classes = {
	};
	objectVersion = 46;
	objects = {
		1C8618ED903CD884FD080DA8 = {
			isa = PBXBuildFile;
			fileRef = F59B7AEBFD29EE4426698B8A;
		};
		2A1BD7EAE6809415F07E9BEE = {
			isa = PBXBuildFile;
			fileRef = E3CE0BD3B8AF4705ECF430AD;
		};
		043BA0D2AFFCBFFD3AEFDB0C = {
			isa = PBXBuildFile;
			fileRef = 197031531E06F6A4C14BB0C9;
		};
		68102F690D20746E0C12ED58 = {
			isa = PBXBuildFile;
			fileRef = 57687949CBDCBBE0376D3165;
		};
		A3B84F2EA284709A8C08803C = {
			isa = PBXBuildFile;
			fileRef = D3355A23CA9704C41FB78144;
		};
		242F24E4E1A70E9EB71B6F63 = {
			isa = PBXBuildFile;
			fileRef = 9B9B7226C96F2CA1DA99A2F9;
		};
		779039AB1F23261C99220C7A = {
			isa = PBXBuildFile;
			fileRef = F6A1D0DB6FD4814224E80119;
		};
		4758EF12999AD3BAAD94F742 = {
			isa = PBXBuildFile;
			fileRef = 1965BF3E21A2F0411F555636;
		};
		DD4674DABDFDA06DF1766608 = {
			isa = PBXBuildFile;
			fileRef = B1DB7BE56F8D2527CC091392;
		};
		B23CA563A8323686BA8A6C13 = {
			isa = PBXBuildFile;
			fileRef = DAFC69D8029F3CE3D876278E;
		};
		A52E000E1953C35C83717795 = {
			isa = PBXBuildFile;
			fileRef = 72FDFD326818F54106FB0867;
		};
		773A117DC0A5F7F6B7F500CD = {
			isa = PBXBuildFile;
			fileRef = 6E0CE24D04DA06A8ABBDF9B4;
		};
		FD356BF2499528B8D0127A84 = {
			isa = PBXBuildFile;
			fileRef = EE1D499B10CFABE2244EF56F;
		};
		13EA06E597C78BF3BE475509 = {
			isa = PBXBuildFile;
			fileRef = 0A552B66E26EE182A7B906BB;
		};
		3A05512CD383D35B6C0D60AB = {
			isa = PBXBuildFile;
			fileRef = 2DC1320F7E85607480008888;
		};
		58C9F285C8A98C21EC87114C = {
			isa = PBXBuildFile;
			fileRef = 71B12484AA1053771AEBCB4F;
		};
		7F6DD8E2ACC723F3283F6A49 = {
			isa = PBXBuildFile;
			fileRef = 3AA77068278676D07CB3C207;
		};
		4E5B5E2FC804F09A5F7227F3 = {
			isa = PBXBuildFile;
			fileRef = EC2A2C19B782A16EFBA3954E;
		};
		E90DBF4CE15B4D6B6218F1DF = {
			isa = PBXBuildFile;
			fileRef = FBFEDB19C0F93B7A4B096E86;
		};
		529C61361998D056F8CA7B52 = {
			isa = PBXBuildFile;
			fileRef = 03E81868240D1E090E701BC6;
		};
		E7566D0A4A6928DAE13F8B2D = {
			isa = PBXBuildFile;
			fileRef = 778F8BFDA35279F7525EC5A2;
		};
		38187831431271DBBEA1D83C = {
			isa = PBXBuildFile;
			fileRef = 6AFECC6EF108D2B956BB7D5C;
		};
		B140B9A1DAF93708B4C35E09 = {
			isa = PBXBuildFile;
			fileRef = 2E5E1D5372C050C9171E8906;
		};
		C472F55AAA7A81618EC4CADC = {
			isa = PBXBuildFile;
			fileRef = 8ADCCCB87A4D1BF67CBBAA60;
		};
		EF6B1D43BEAF8940F06989C6 = {
			isa = PBXBuildFile;
			fileRef = 79E6BD09E52F47541C46D8B7;
		};
		B1EB195203FBC6151855161A = {
			isa = PBXBuildFile;
			fileRef = CDAA5488F9F7779363C5B4D2;
		};
		03E81868240D1E090E701BC6 = {
			isa = PBXFileReference;
			lastKnownFileType = sourcecode.cpp.objcpp;
			name = "include_juce_cryptography.mm";
			path = "../../JuceLibraryCode/include_juce_cryptography.mm";
			sourceTree = "SOURCE_ROOT";
		};
		0A552B66E26EE182A7B906BB = {
			isa = PBXFileReference;
			lastKnownFileType = sourcecode.cpp.cpp;
			name = Main.cpp;
			path = ../../Source/Main.cpp;
			sourceTree = "SOURCE_ROOT";
		};
		1965BF3E21A2F0411F555636 = {
			isa = PBXFileReference;
			lastKnownFileType = wrapper.framework;
			name = IOKit.framework;
			path = System/Library/Frameworks/IOKit.framework;
			sourceTree = SDKROOT;
		};
		197031531E06F6A4C14BB0C9 = {
			isa = PBXFileReference;
			lastKnownFileType = wrapper.framework;
			name = AudioToolbox.framework;
			path = System/Library/Frameworks/AudioToolbox.framework;
			sourceTree = SDKROOT;
		};
		28D38C6C253016306E5D7E98 = {
			isa = PBXFileReference;
			lastKnownFileType = file;
			name = "juce_audio_devices";
			path = "/Users/danielaguila/Desktop/JUCE/modules/juce_audio_devices";
			sourceTree = "<absolute>";
		};
		2DC1320F7E85607480008888 = {
			isa = PBXFileReference;
			lastKnownFileType = sourcecode.cpp.objcpp;
			name = "include_juce_audio_basics.mm";
			path = "../../JuceLibraryCode/include_juce_audio_basics.mm";
			sourceTree = "SOURCE_ROOT";
		};
		2E5E1D5372C050C9171E8906 = {
			isa = PBXFileReference;
			lastKnownFileType = sourcecode.cpp.objcpp;
			name = "include_juce_graphics.mm";
			path = "../../JuceLibraryCode/include_juce_graphics.mm";
			sourceTree = "SOURCE_ROOT";
		};
		3AA77068278676D07CB3C207 = {
			isa = PBXFileReference;
			lastKnownFileType = sourcecode.cpp.objcpp;
			name = "include_juce_audio_formats.mm";
			path = "../../JuceLibraryCode/include_juce_audio_formats.mm";
			sourceTree = "SOURCE_ROOT";
		};
		430715BA30A05BDB572FFAA1 = {
			isa = PBXFileReference;
			lastKnownFileType = file;
			name = "juce_audio_formats";
			path = "/Users/danielaguila/Desktop/JUCE/modules/juce_audio_formats";
			sourceTree = "<absolute>";
		};
		57687949CBDCBBE0376D3165 = {
			isa = PBXFileReference;
			lastKnownFileType = wrapper.framework;
			name = Carbon.framework;
			path = System/Library/Frameworks/Carbon.framework;
			sourceTree = SDKROOT;
		};
		595EA303E868CA33A3F82863 = {
			isa = PBXFileReference;
			lastKnownFileType = sourcecode.c.h;
			name = JuceHeader.h;
			path = ../../JuceLibraryCode/JuceHeader.h;
			sourceTree = "SOURCE_ROOT";
		};
		5C9B1E985534FBD7F40F5130 = {
			isa = PBXFileReference;
			lastKnownFileType = text.plist.xml;
			name = "Info-App.plist";
			path = "Info-App.plist";
			sourceTree = "SOURCE_ROOT";
		};
		5DBF1FEA4196D86722D7E64B = {
			isa = PBXFileReference;
			lastKnownFileType = file;
			name = "juce_events";
			path = "/Users/danielaguila/Desktop/JUCE/modules/juce_events";
			sourceTree = "<absolute>";
		};
		60F44960D7A4E6185953EA08 = {
			isa = PBXFileReference;
			lastKnownFileType = file;
			name = "juce_gui_basics";
			path = "/Users/danielaguila/Desktop/JUCE/modules/juce_gui_basics";
			sourceTree = "<absolute>";
		};
		640490F793779D10EAF4AB5E = {
			isa = PBXFileReference;
			lastKnownFileType = sourcecode.c.h;
			name = AppConfig.h;
			path = ../../JuceLibraryCode/AppConfig.h;
			sourceTree = "SOURCE_ROOT";
		};
		6AFECC6EF108D2B956BB7D5C = {
			isa = PBXFileReference;
			lastKnownFileType = sourcecode.cpp.objcpp;
			name = "include_juce_events.mm";
			path = "../../JuceLibraryCode/include_juce_events.mm";
			sourceTree = "SOURCE_ROOT";
		};
		6D45048E1B4A332C7AFBEC69 = {
			isa = PBXFileReference;
			lastKnownFileType = file;
			name = "juce_gui_extra";
			path = "/Users/danielaguila/Desktop/JUCE/modules/juce_gui_extra";
			sourceTree = "<absolute>";
		};
		6E0CE24D04DA06A8ABBDF9B4 = {
			isa = PBXFileReference;
			lastKnownFileType = file.nib;
			name = RecentFilesMenuTemplate.nib;
			path = RecentFilesMenuTemplate.nib;
			sourceTree = "SOURCE_ROOT";
		};
		71B12484AA1053771AEBCB4F = {
			isa = PBXFileReference;
			lastKnownFileType = sourcecode.cpp.objcpp;
			name = "include_juce_audio_devices.mm";
			path = "../../JuceLibraryCode/include_juce_audio_devices.mm";
			sourceTree = "SOURCE_ROOT";
		};
		72FDFD326818F54106FB0867 = {
			isa = PBXFileReference;
			lastKnownFileType = wrapper.framework;
			name = WebKit.framework;
			path = System/Library/Frameworks/WebKit.framework;
			sourceTree = SDKROOT;
		};
		778F8BFDA35279F7525EC5A2 = {
			isa = PBXFileReference;
			lastKnownFileType = sourcecode.cpp.objcpp;
			name = "include_juce_data_structures.mm";
			path = "../../JuceLibraryCode/include_juce_data_structures.mm";
			sourceTree = "SOURCE_ROOT";
		};
		79E6BD09E52F47541C46D8B7 = {
			isa = PBXFileReference;
			lastKnownFileType = sourcecode.cpp.objcpp;
			name = "include_juce_gui_extra.mm";
			path = "../../JuceLibraryCode/include_juce_gui_extra.mm";
			sourceTree = "SOURCE_ROOT";
		};
		89C15D0F11147C6DA1C3757C = {
			isa = PBXFileReference;
			lastKnownFileType = file;
			name = "juce_opengl";
			path = "/Users/danielaguila/Desktop/JUCE/modules/juce_opengl";
			sourceTree = "<absolute>";
		};
		8ADCCCB87A4D1BF67CBBAA60 = {
			isa = PBXFileReference;
			lastKnownFileType = sourcecode.cpp.objcpp;
			name = "include_juce_gui_basics.mm";
			path = "../../JuceLibraryCode/include_juce_gui_basics.mm";
			sourceTree = "SOURCE_ROOT";
		};
		93AFF704549CBB6A00273210 = {
			isa = PBXFileReference;
			lastKnownFileType = file;
			name = "juce_audio_processors";
			path = "/Users/danielaguila/Desktop/JUCE/modules/juce_audio_processors";
			sourceTree = "<absolute>";
		};
		973F880BB6D5AADD6713AC09 = {
			isa = PBXFileReference;
			lastKnownFileType = file;
			name = "juce_core";
			path = "/Users/danielaguila/Desktop/JUCE/modules/juce_core";
			sourceTree = "<absolute>";
		};
		9B9B7226C96F2CA1DA99A2F9 = {
			isa = PBXFileReference;
			lastKnownFileType = wrapper.framework;
			name = CoreAudio.framework;
			path = System/Library/Frameworks/CoreAudio.framework;
			sourceTree = SDKROOT;
		};
		B1DB7BE56F8D2527CC091392 = {
			isa = PBXFileReference;
			lastKnownFileType = wrapper.framework;
			name = OpenGL.framework;
			path = System/Library/Frameworks/OpenGL.framework;
			sourceTree = SDKROOT;
		};
		C307293D817E6B1ADF4102EA = {
			isa = PBXFileReference;
			lastKnownFileType = sourcecode.c.h;
			name = MainComponent.h;
			path = ../../Source/MainComponent.h;
			sourceTree = "SOURCE_ROOT";
		};
		CDAA5488F9F7779363C5B4D2 = {
			isa = PBXFileReference;
			lastKnownFileType = sourcecode.cpp.objcpp;
			name = "include_juce_opengl.mm";
			path = "../../JuceLibraryCode/include_juce_opengl.mm";
			sourceTree = "SOURCE_ROOT";
		};
		D3355A23CA9704C41FB78144 = {
			isa = PBXFileReference;
			lastKnownFileType = wrapper.framework;
			name = Cocoa.framework;
			path = System/Library/Frameworks/Cocoa.framework;
			sourceTree = SDKROOT;
		};
		D35E8A27E08804E8AA21C08F = {
			isa = PBXFileReference;
			lastKnownFileType = file;
			name = "juce_cryptography";
			path = "/Users/danielaguila/Desktop/JUCE/modules/juce_cryptography";
			sourceTree = "<absolute>";
		};
		DAFC69D8029F3CE3D876278E = {
			isa = PBXFileReference;
			lastKnownFileType = wrapper.framework;
			name = QuartzCore.framework;
			path = System/Library/Frameworks/QuartzCore.framework;
			sourceTree = SDKROOT;
		};
		E3CE0BD3B8AF4705ECF430AD = {
			isa = PBXFileReference;
			lastKnownFileType = wrapper.framework;
			name = Accelerate.framework;
			path = System/Library/Frameworks/Accelerate.framework;
			sourceTree = SDKROOT;
		};
		EC2A2C19B782A16EFBA3954E = {
			isa = PBXFileReference;
			lastKnownFileType = sourcecode.cpp.objcpp;
			name = "include_juce_audio_processors.mm";
			path = "../../JuceLibraryCode/include_juce_audio_processors.mm";
			sourceTree = "SOURCE_ROOT";
		};
		ECD921091502FAFFD50DCC6C = {
			isa = PBXFileReference;
			lastKnownFileType = file;
			name = "juce_graphics";
			path = "/Users/danielaguila/Desktop/JUCE/modules/juce_graphics";
			sourceTree = "<absolute>";
		};
		EE1D499B10CFABE2244EF56F = {
			isa = PBXFileReference;
			lastKnownFileType = sourcecode.cpp.cpp;
			name = MainComponent.cpp;
			path = ../../Source/MainComponent.cpp;
			sourceTree = "SOURCE_ROOT";
		};
		F4ED6AF5C210F5F2C7478A55 = {
			isa = PBXFileReference;
			lastKnownFileType = file;
			name = "juce_audio_basics";
			path = "/Users/danielaguila/Desktop/JUCE/modules/juce_audio_basics";
			sourceTree = "<absolute>";
		};
		F59B7AEBFD29EE4426698B8A = {
			isa = PBXFileReference;
			explicitFileType = wrapper.application;
			includeInIndex = 0;
			path = Hangmanss.app;
			sourceTree = "BUILT_PRODUCTS_DIR";
		};
		F59C5492AAEEA36932C5253E = {
			isa = PBXFileReference;
			lastKnownFileType = file;
			name = "juce_data_structures";
			path = "/Users/danielaguila/Desktop/JUCE/modules/juce_data_structures";
			sourceTree = "<absolute>";
		};
		F6A1D0DB6FD4814224E80119 = {
			isa = PBXFileReference;
			lastKnownFileType = wrapper.framework;
			name = CoreMIDI.framework;
			path = System/Library/Frameworks/CoreMIDI.framework;
			sourceTree = SDKROOT;
		};
		FBFEDB19C0F93B7A4B096E86 = {
			isa = PBXFileReference;
			lastKnownFileType = sourcecode.cpp.objcpp;
			name = "include_juce_core.mm";
			path = "../../JuceLibraryCode/include_juce_core.mm";
			sourceTree = "SOURCE_ROOT";
		};
		02FF5C3C94A7833B5B87C49C = {
			isa = PBXGroup;
			children = (
				EE1D499B10CFABE2244EF56F,
				C307293D817E6B1ADF4102EA,
				0A552B66E26EE182A7B906BB,
			);
			name = Source;
			sourceTree = "<group>";
		};
		150350E3EA30446684D40A5D = {
			isa = PBXGroup;
			children = (
				02FF5C3C94A7833B5B87C49C,
			);
			name = Hangmanss;
			sourceTree = "<group>";
		};
		45B68EBC445499C9DA778547 = {
			isa = PBXGroup;
			children = (
				F4ED6AF5C210F5F2C7478A55,
				28D38C6C253016306E5D7E98,
				430715BA30A05BDB572FFAA1,
				93AFF704549CBB6A00273210,
				973F880BB6D5AADD6713AC09,
				D35E8A27E08804E8AA21C08F,
				F59C5492AAEEA36932C5253E,
				5DBF1FEA4196D86722D7E64B,
				ECD921091502FAFFD50DCC6C,
				60F44960D7A4E6185953EA08,
				6D45048E1B4A332C7AFBEC69,
				89C15D0F11147C6DA1C3757C,
			);
			name = "JUCE Modules";
			sourceTree = "<group>";
		};
		1F4883259C9D01991DC4A224 = {
			isa = PBXGroup;
			children = (
				640490F793779D10EAF4AB5E,
				2DC1320F7E85607480008888,
				71B12484AA1053771AEBCB4F,
				3AA77068278676D07CB3C207,
				EC2A2C19B782A16EFBA3954E,
				FBFEDB19C0F93B7A4B096E86,
				03E81868240D1E090E701BC6,
				778F8BFDA35279F7525EC5A2,
				6AFECC6EF108D2B956BB7D5C,
				2E5E1D5372C050C9171E8906,
				8ADCCCB87A4D1BF67CBBAA60,
				79E6BD09E52F47541C46D8B7,
				CDAA5488F9F7779363C5B4D2,
				595EA303E868CA33A3F82863,
			);
			name = "JUCE Library Code";
			sourceTree = "<group>";
		};
		D2250970C8420F546077159A = {
			isa = PBXGroup;
			children = (
				5C9B1E985534FBD7F40F5130,
				6E0CE24D04DA06A8ABBDF9B4,
			);
			name = Resources;
			sourceTree = "<group>";
		};
		FFEDD02918388723D3ECBA4D = {
			isa = PBXGroup;
			children = (
				E3CE0BD3B8AF4705ECF430AD,
				197031531E06F6A4C14BB0C9,
				57687949CBDCBBE0376D3165,
				D3355A23CA9704C41FB78144,
				9B9B7226C96F2CA1DA99A2F9,
				F6A1D0DB6FD4814224E80119,
				1965BF3E21A2F0411F555636,
				B1DB7BE56F8D2527CC091392,
				DAFC69D8029F3CE3D876278E,
				72FDFD326818F54106FB0867,
			);
			name = Frameworks;
			sourceTree = "<group>";
		};
		3A6D14CB427BFBCD9843E1A1 = {
			isa = PBXGroup;
			children = (
				F59B7AEBFD29EE4426698B8A,
			);
			name = Products;
			sourceTree = "<group>";
		};
		CDF5DFF97FBCC54596BD9333 = {
			isa = PBXGroup;
			children = (
				150350E3EA30446684D40A5D,
				45B68EBC445499C9DA778547,
				1F4883259C9D01991DC4A224,
				D2250970C8420F546077159A,
				FFEDD02918388723D3ECBA4D,
				3A6D14CB427BFBCD9843E1A1,
			);
			name = Source;
			sourceTree = "<group>";
		};
		A1F8A8F47B61E8BF7F2AEB7F = {
			isa = XCBuildConfiguration;
			buildSettings = {
				CLANG_CXX_LANGUAGE_STANDARD = "c++14";
				CLANG_CXX_LIBRARY = "libc++";
				CLANG_LINK_OBJC_RUNTIME = NO;
				COMBINE_HIDPI_IMAGES = YES;
				CONFIGURATION_BUILD_DIR = "$(PROJECT_DIR)/build/$(CONFIGURATION)";
				COPY_PHASE_STRIP = NO;
				GCC_DYNAMIC_NO_PIC = NO;
				GCC_OPTIMIZATION_LEVEL = 0;
				GCC_PREPROCESSOR_DEFINITIONS = (
					"_DEBUG=1",
					"DEBUG=1",
					"JUCER_XCODE_MAC_F6D2F4CF=1",
					"JUCE_APP_VERSION=1.0.0",
					"JUCE_APP_VERSION_HEX=0x10000",
					"JucePlugin_Build_VST=0",
					"JucePlugin_Build_VST3=0",
					"JucePlugin_Build_AU=0",
					"JucePlugin_Build_AUv3=0",
					"JucePlugin_Build_RTAS=0",
					"JucePlugin_Build_AAX=0",
					"JucePlugin_Build_Standalone=0",
					"JucePlugin_Build_Unity=0",
				);
				GCC_VERSION = com.apple.compilers.llvm.clang.1_0;
				HEADER_SEARCH_PATHS = (
					"../../JuceLibraryCode",
					"/Users/danielaguila/Desktop/JUCE/modules",
					"$(inherited)",
				);
				INFOPLIST_FILE = Info-App.plist;
				INFOPLIST_PREPROCESS = NO;
				INSTALL_PATH = "$(HOME)/Applications";
				MACOSX_DEPLOYMENT_TARGET = 10.11;
				PRODUCT_BUNDLE_IDENTIFIER = com.yourcompany.Hangmanss;
				PRODUCT_NAME = "Hangmanss";
				USE_HEADERMAP = NO;
			};
			name = Debug;
		};
		C60962BFF2D38B217E3EA074 = {
			isa = XCBuildConfiguration;
			buildSettings = {
				CLANG_CXX_LANGUAGE_STANDARD = "c++14";
				CLANG_CXX_LIBRARY = "libc++";
				CLANG_LINK_OBJC_RUNTIME = NO;
				COMBINE_HIDPI_IMAGES = YES;
				CONFIGURATION_BUILD_DIR = "$(PROJECT_DIR)/build/$(CONFIGURATION)";
				DEAD_CODE_STRIPPING = YES;
				GCC_GENERATE_DEBUGGING_SYMBOLS = NO;
				GCC_OPTIMIZATION_LEVEL = 3;
				GCC_PREPROCESSOR_DEFINITIONS = (
					"_NDEBUG=1",
					"NDEBUG=1",
					"JUCER_XCODE_MAC_F6D2F4CF=1",
					"JUCE_APP_VERSION=1.0.0",
					"JUCE_APP_VERSION_HEX=0x10000",
					"JucePlugin_Build_VST=0",
					"JucePlugin_Build_VST3=0",
					"JucePlugin_Build_AU=0",
					"JucePlugin_Build_AUv3=0",
					"JucePlugin_Build_RTAS=0",
					"JucePlugin_Build_AAX=0",
					"JucePlugin_Build_Standalone=0",
					"JucePlugin_Build_Unity=0",
				);
				GCC_SYMBOLS_PRIVATE_EXTERN = YES;
				GCC_VERSION = com.apple.compilers.llvm.clang.1_0;
				HEADER_SEARCH_PATHS = (
					"../../JuceLibraryCode",
					"/Users/danielaguila/Desktop/JUCE/modules",
					"$(inherited)",
				);
				INFOPLIST_FILE = Info-App.plist;
				INFOPLIST_PREPROCESS = NO;
				INSTALL_PATH = "$(HOME)/Applications";
				LLVM_LTO = YES;
				MACOSX_DEPLOYMENT_TARGET = 10.11;
				PRODUCT_BUNDLE_IDENTIFIER = com.yourcompany.Hangmanss;
				PRODUCT_NAME = "Hangmanss";
				USE_HEADERMAP = NO;
			};
			name = Release;
		};
		3E556469F3034F9093CD86C1 = {
			isa = XCBuildConfiguration;
			buildSettings = {
				CLANG_CXX_LANGUAGE_STANDARD = "c++14";
				CLANG_CXX_LIBRARY = "libc++";
				CLANG_LINK_OBJC_RUNTIME = NO;
				COMBINE_HIDPI_IMAGES = YES;
				CONFIGURATION_BUILD_DIR = "$(PROJECT_DIR)/build/$(CONFIGURATION)";
				DEAD_CODE_STRIPPING = YES;
				GCC_GENERATE_DEBUGGING_SYMBOLS = NO;
				GCC_OPTIMIZATION_LEVEL = 3;
				GCC_PREPROCESSOR_DEFINITIONS = (
					"_NDEBUG=1",
					"NDEBUG=1",
					"JUCER_XCODE_MAC_F6D2F4CF=1",
					"JUCE_APP_VERSION=1.0.0",
					"JUCE_APP_VERSION_HEX=0x10000",
					"JucePlugin_Build_VST=0",
					"JucePlugin_Build_VST3=0",
					"JucePlugin_Build_AU=0",
					"JucePlugin_Build_AUv3=0",
					"JucePlugin_Build_RTAS=0",
					"JucePlugin_Build_AAX=0",
					"JucePlugin_Build_Standalone=0",
					"JucePlugin_Build_Unity=0",
				);
				GCC_SYMBOLS_PRIVATE_EXTERN = YES;
				GCC_VERSION = com.apple.compilers.llvm.clang.1_0;
				HEADER_SEARCH_PATHS = (
					"../../JuceLibraryCode",
					"/Users/danielaguila/Desktop/JUCE/modules",
					"$(inherited)",
				);
				INFOPLIST_FILE = Info-App.plist;
				INFOPLIST_PREPROCESS = NO;
				INSTALL_PATH = "$(HOME)/Applications";
				LLVM_LTO = YES;
				MACOSX_DEPLOYMENT_TARGET = 10.11;
				PRODUCT_BUNDLE_IDENTIFIER = com.yourcompany.Hangmanss;
				PRODUCT_NAME = "Hangmanss";
				USE_HEADERMAP = NO;
			};
			name = "Build Configuration";
		};
		FB906E6EC0976FE15B50D341 = {
			isa = XCBuildConfiguration;
			buildSettings = {
				ALWAYS_SEARCH_USER_PATHS = NO;
				CLANG_ENABLE_OBJC_WEAK = YES;
				CLANG_WARN_BLOCK_CAPTURE_AUTORELEASING = YES;
				CLANG_WARN_BOOL_CONVERSION = YES;
				CLANG_WARN_COMMA = YES;
				CLANG_WARN_CONSTANT_CONVERSION = YES;
				CLANG_WARN_DEPRECATED_OBJC_IMPLEMENTATIONS = YES;
				CLANG_WARN_EMPTY_BODY = YES;
				CLANG_WARN_ENUM_CONVERSION = YES;
				CLANG_WARN_INFINITE_RECURSION = YES;
				CLANG_WARN_INT_CONVERSION = YES;
				CLANG_WARN_NON_LITERAL_NULL_CONVERSION = YES;
				CLANG_WARN_OBJC_IMPLICIT_RETAIN_SELF = YES;
				CLANG_WARN_OBJC_LITERAL_CONVERSION = YES;
				CLANG_WARN_RANGE_LOOP_ANALYSIS = YES;
				CLANG_WARN_STRICT_PROTOTYPES = YES;
				CLANG_WARN_SUSPICIOUS_MOVE = YES;
				CLANG_WARN_UNREACHABLE_CODE = YES;
				CLANG_WARN__DUPLICATE_METHOD_MATCH = YES;
				DEBUG_INFORMATION_FORMAT = dwarf;
				ENABLE_STRICT_OBJC_MSGSEND = YES;
				ENABLE_TESTABILITY = YES;
				GCC_C_LANGUAGE_STANDARD = c11;
				GCC_INLINES_ARE_PRIVATE_EXTERN = YES;
				GCC_MODEL_TUNING = G5;
				GCC_NO_COMMON_BLOCKS = YES;
				GCC_WARN_64_TO_32_BIT_CONVERSION = YES;
				GCC_WARN_ABOUT_RETURN_TYPE = YES;
				GCC_WARN_CHECK_SWITCH_STATEMENTS = YES;
				GCC_WARN_MISSING_PARENTHESES = YES;
				GCC_WARN_NON_VIRTUAL_DESTRUCTOR = YES;
				GCC_WARN_TYPECHECK_CALLS_TO_PRINTF = YES;
				GCC_WARN_UNDECLARED_SELECTOR = YES;
				GCC_WARN_UNINITIALIZED_AUTOS = YES;
				GCC_WARN_UNUSED_FUNCTION = YES;
				GCC_WARN_UNUSED_VARIABLE = YES;
				ONLY_ACTIVE_ARCH = YES;
				PRODUCT_NAME = "Hangmanss";
				WARNING_CFLAGS = "-Wreorder";
				ZERO_LINK = NO;
			};
			name = Debug;
		};
		BB6CFC1994C8663691E7EB87 = {
			isa = XCBuildConfiguration;
			buildSettings = {
				ALWAYS_SEARCH_USER_PATHS = NO;
				CLANG_ENABLE_OBJC_WEAK = YES;
				CLANG_WARN_BLOCK_CAPTURE_AUTORELEASING = YES;
				CLANG_WARN_BOOL_CONVERSION = YES;
				CLANG_WARN_COMMA = YES;
				CLANG_WARN_CONSTANT_CONVERSION = YES;
				CLANG_WARN_DEPRECATED_OBJC_IMPLEMENTATIONS = YES;
				CLANG_WARN_EMPTY_BODY = YES;
				CLANG_WARN_ENUM_CONVERSION = YES;
				CLANG_WARN_INFINITE_RECURSION = YES;
				CLANG_WARN_INT_CONVERSION = YES;
				CLANG_WARN_NON_LITERAL_NULL_CONVERSION = YES;
				CLANG_WARN_OBJC_IMPLICIT_RETAIN_SELF = YES;
				CLANG_WARN_OBJC_LITERAL_CONVERSION = YES;
				CLANG_WARN_RANGE_LOOP_ANALYSIS = YES;
				CLANG_WARN_STRICT_PROTOTYPES = YES;
				CLANG_WARN_SUSPICIOUS_MOVE = YES;
				CLANG_WARN_UNREACHABLE_CODE = YES;
				CLANG_WARN__DUPLICATE_METHOD_MATCH = YES;
				DEBUG_INFORMATION_FORMAT = dwarf;
				ENABLE_STRICT_OBJC_MSGSEND = YES;
				GCC_C_LANGUAGE_STANDARD = c11;
				GCC_INLINES_ARE_PRIVATE_EXTERN = YES;
				GCC_MODEL_TUNING = G5;
				GCC_NO_COMMON_BLOCKS = YES;
				GCC_WARN_64_TO_32_BIT_CONVERSION = YES;
				GCC_WARN_ABOUT_RETURN_TYPE = YES;
				GCC_WARN_CHECK_SWITCH_STATEMENTS = YES;
				GCC_WARN_MISSING_PARENTHESES = YES;
				GCC_WARN_NON_VIRTUAL_DESTRUCTOR = YES;
				GCC_WARN_TYPECHECK_CALLS_TO_PRINTF = YES;
				GCC_WARN_UNDECLARED_SELECTOR = YES;
				GCC_WARN_UNINITIALIZED_AUTOS = YES;
				GCC_WARN_UNUSED_FUNCTION = YES;
				GCC_WARN_UNUSED_VARIABLE = YES;
				PRODUCT_NAME = "Hangmanss";
				WARNING_CFLAGS = "-Wreorder";
				ZERO_LINK = NO;
			};
			name = Release;
		};
		A2ED6F4413E20E4880802CF6 = {
			isa = XCBuildConfiguration;
			buildSettings = {
				ALWAYS_SEARCH_USER_PATHS = NO;
				CLANG_ENABLE_OBJC_WEAK = YES;
				CLANG_WARN_BLOCK_CAPTURE_AUTORELEASING = YES;
				CLANG_WARN_BOOL_CONVERSION = YES;
				CLANG_WARN_COMMA = YES;
				CLANG_WARN_CONSTANT_CONVERSION = YES;
				CLANG_WARN_DEPRECATED_OBJC_IMPLEMENTATIONS = YES;
				CLANG_WARN_EMPTY_BODY = YES;
				CLANG_WARN_ENUM_CONVERSION = YES;
				CLANG_WARN_INFINITE_RECURSION = YES;
				CLANG_WARN_INT_CONVERSION = YES;
				CLANG_WARN_NON_LITERAL_NULL_CONVERSION = YES;
				CLANG_WARN_OBJC_IMPLICIT_RETAIN_SELF = YES;
				CLANG_WARN_OBJC_LITERAL_CONVERSION = YES;
				CLANG_WARN_RANGE_LOOP_ANALYSIS = YES;
				CLANG_WARN_STRICT_PROTOTYPES = YES;
				CLANG_WARN_SUSPICIOUS_MOVE = YES;
				CLANG_WARN_UNREACHABLE_CODE = YES;
				CLANG_WARN__DUPLICATE_METHOD_MATCH = YES;
				DEBUG_INFORMATION_FORMAT = dwarf;
				ENABLE_STRICT_OBJC_MSGSEND = YES;
				GCC_C_LANGUAGE_STANDARD = c11;
				GCC_INLINES_ARE_PRIVATE_EXTERN = YES;
				GCC_MODEL_TUNING = G5;
				GCC_NO_COMMON_BLOCKS = YES;
				GCC_WARN_64_TO_32_BIT_CONVERSION = YES;
				GCC_WARN_ABOUT_RETURN_TYPE = YES;
				GCC_WARN_CHECK_SWITCH_STATEMENTS = YES;
				GCC_WARN_MISSING_PARENTHESES = YES;
				GCC_WARN_NON_VIRTUAL_DESTRUCTOR = YES;
				GCC_WARN_TYPECHECK_CALLS_TO_PRINTF = YES;
				GCC_WARN_UNDECLARED_SELECTOR = YES;
				GCC_WARN_UNINITIALIZED_AUTOS = YES;
				GCC_WARN_UNUSED_FUNCTION = YES;
				GCC_WARN_UNUSED_VARIABLE = YES;
				PRODUCT_NAME = "Hangmanss";
				WARNING_CFLAGS = "-Wreorder";
				ZERO_LINK = NO;
			};
			name = "Build Configuration";
		};
		E8EBED361073A3751AFD781B = {
			isa = PBXTargetDependency;
			target = 08DD86298D92E7B934BD7701;
		};
		A2B9D6AFB3D4695EB579D98C = {
			isa = XCConfigurationList;
			buildConfigurations = (
				FB906E6EC0976FE15B50D341,
				BB6CFC1994C8663691E7EB87,
				A2ED6F4413E20E4880802CF6,
			);
			defaultConfigurationIsVisible = 0;
			defaultConfigurationName = Debug;
		};
		115533C76B9AA8A686B6BEF4 = {
			isa = XCConfigurationList;
			buildConfigurations = (
				A1F8A8F47B61E8BF7F2AEB7F,
				C60962BFF2D38B217E3EA074,
				3E556469F3034F9093CD86C1,
			);
			defaultConfigurationIsVisible = 0;
			defaultConfigurationName = Debug;
		};
		4FE75E7B5F223D746C874258 = {
			isa = PBXResourcesBuildPhase;
			buildActionMask = 2147483647;
			files = (
				773A117DC0A5F7F6B7F500CD,
			);
			runOnlyForDeploymentPostprocessing = 0;
		};
		9038C00CCE8978BBD9697C1E = {
			isa = PBXSourcesBuildPhase;
			buildActionMask = 2147483647;
			files = (
				FD356BF2499528B8D0127A84,
				13EA06E597C78BF3BE475509,
				3A05512CD383D35B6C0D60AB,
				58C9F285C8A98C21EC87114C,
				7F6DD8E2ACC723F3283F6A49,
				4E5B5E2FC804F09A5F7227F3,
				E90DBF4CE15B4D6B6218F1DF,
				529C61361998D056F8CA7B52,
				E7566D0A4A6928DAE13F8B2D,
				38187831431271DBBEA1D83C,
				B140B9A1DAF93708B4C35E09,
				C472F55AAA7A81618EC4CADC,
				EF6B1D43BEAF8940F06989C6,
				B1EB195203FBC6151855161A,
			);
			runOnlyForDeploymentPostprocessing = 0;
		};
		05FFE8BBF9A2C0746D21EE49 = {
			isa = PBXFrameworksBuildPhase;
			buildActionMask = 2147483647;
			files = (
				2A1BD7EAE6809415F07E9BEE,
				043BA0D2AFFCBFFD3AEFDB0C,
				68102F690D20746E0C12ED58,
				A3B84F2EA284709A8C08803C,
				242F24E4E1A70E9EB71B6F63,
				779039AB1F23261C99220C7A,
				4758EF12999AD3BAAD94F742,
				DD4674DABDFDA06DF1766608,
				B23CA563A8323686BA8A6C13,
				A52E000E1953C35C83717795,
			);
			runOnlyForDeploymentPostprocessing = 0;
		};
		08DD86298D92E7B934BD7701 = {
			isa = PBXNativeTarget;
			buildConfigurationList = 115533C76B9AA8A686B6BEF4;
			buildPhases = (
				4FE75E7B5F223D746C874258,
				9038C00CCE8978BBD9697C1E,
				05FFE8BBF9A2C0746D21EE49,
			);
			buildRules = ( );
			dependencies = ( );
			name = "Hangmanss - App";
			productName = Hangmanss;
			productReference = F59B7AEBFD29EE4426698B8A;
			productType = "com.apple.product-type.application";
		};
		1B12A6A9C2547E85375FABF9 = {
			isa = PBXProject;
			buildConfigurationList = A2B9D6AFB3D4695EB579D98C;
			attributes = { LastUpgradeCheck = 1010; ORGANIZATIONNAME = ""; TargetAttributes = { 08DD86298D92E7B934BD7701 = { SystemCapabilities = {com.apple.ApplicationGroups.iOS = { enabled = 0; }; com.apple.InAppPurchase = { enabled = 0; }; com.apple.InterAppAudio = { enabled = 0; }; com.apple.Push = { enabled = 0; }; com.apple.Sandbox = { enabled = 0; }; com.apple.HardenedRuntime = { enabled = 0; }; }; }; }; };
			compatibilityVersion = "Xcode 3.2";
			hasScannedForEncodings = 0;
			mainGroup = CDF5DFF97FBCC54596BD9333;
			projectDirPath = "";
			projectRoot = "";
			targets = (08DD86298D92E7B934BD7701);
			knownRegions = (en, Base);
		};
	};
	rootObject = 1B12A6A9C2547E85375FABF9;
}
